// !$*UTF8*$!
{
	archiveVersion = 1;
	classes = {
	};
	objectVersion = 46;
	objects = {

/* Begin PBXBuildFile section */
		AB6DE8541CB41D4B0030EA03 /* AppDelegate.swift in Sources */ = {isa = PBXBuildFile; fileRef = AB6DE8531CB41D4B0030EA03 /* AppDelegate.swift */; };
		AB6DE8591CB41D4B0030EA03 /* Main.storyboard in Resources */ = {isa = PBXBuildFile; fileRef = AB6DE8571CB41D4B0030EA03 /* Main.storyboard */; };
		AB6DE85B1CB41D4B0030EA03 /* Assets.xcassets in Resources */ = {isa = PBXBuildFile; fileRef = AB6DE85A1CB41D4B0030EA03 /* Assets.xcassets */; };
		AB6DE85E1CB41D4B0030EA03 /* LaunchScreen.storyboard in Resources */ = {isa = PBXBuildFile; fileRef = AB6DE85C1CB41D4B0030EA03 /* LaunchScreen.storyboard */; };
		AB6DE8691CB41DCB0030EA03 /* PhotosViewController.swift in Sources */ = {isa = PBXBuildFile; fileRef = AB6DE8681CB41DCB0030EA03 /* PhotosViewController.swift */; };
		ABCD17841CB53DF500F9CF76 /* FlickrAPI.swift in Sources */ = {isa = PBXBuildFile; fileRef = ABCD17831CB53DF500F9CF76 /* FlickrAPI.swift */; };
/* End PBXBuildFile section */

/* Begin PBXFileReference section */
		AB6DE8501CB41D4B0030EA03 /* Photorama.app */ = {isa = PBXFileReference; explicitFileType = wrapper.application; includeInIndex = 0; path = Photorama.app; sourceTree = BUILT_PRODUCTS_DIR; };
		AB6DE8531CB41D4B0030EA03 /* AppDelegate.swift */ = {isa = PBXFileReference; lastKnownFileType = sourcecode.swift; path = AppDelegate.swift; sourceTree = "<group>"; };
		AB6DE8581CB41D4B0030EA03 /* Base */ = {isa = PBXFileReference; lastKnownFileType = file.storyboard; name = Base; path = Base.lproj/Main.storyboard; sourceTree = "<group>"; };
		AB6DE85A1CB41D4B0030EA03 /* Assets.xcassets */ = {isa = PBXFileReference; lastKnownFileType = folder.assetcatalog; path = Assets.xcassets; sourceTree = "<group>"; };
		AB6DE85D1CB41D4B0030EA03 /* Base */ = {isa = PBXFileReference; lastKnownFileType = file.storyboard; name = Base; path = Base.lproj/LaunchScreen.storyboard; sourceTree = "<group>"; };
		AB6DE85F1CB41D4B0030EA03 /* Info.plist */ = {isa = PBXFileReference; lastKnownFileType = text.plist.xml; path = Info.plist; sourceTree = "<group>"; };
		AB6DE8681CB41DCB0030EA03 /* PhotosViewController.swift */ = {isa = PBXFileReference; fileEncoding = 4; lastKnownFileType = sourcecode.swift; path = PhotosViewController.swift; sourceTree = "<group>"; };
		ABCD17831CB53DF500F9CF76 /* FlickrAPI.swift */ = {isa = PBXFileReference; fileEncoding = 4; lastKnownFileType = sourcecode.swift; path = FlickrAPI.swift; sourceTree = "<group>"; };
/* End PBXFileReference section */

/* Begin PBXFrameworksBuildPhase section */
		AB6DE84D1CB41D4B0030EA03 /* Frameworks */ = {
			isa = PBXFrameworksBuildPhase;
			buildActionMask = 2147483647;
			files = (
			);
			runOnlyForDeploymentPostprocessing = 0;
		};
/* End PBXFrameworksBuildPhase section */

/* Begin PBXGroup section */
		AB6DE8471CB41D4B0030EA03 = {
			isa = PBXGroup;
			children = (
				AB6DE8521CB41D4B0030EA03 /* Photorama */,
				AB6DE8511CB41D4B0030EA03 /* Products */,
			);
			sourceTree = "<group>";
		};
		AB6DE8511CB41D4B0030EA03 /* Products */ = {
			isa = PBXGroup;
			children = (
				AB6DE8501CB41D4B0030EA03 /* Photorama.app */,
			);
			name = Products;
			sourceTree = "<group>";
		};
		AB6DE8521CB41D4B0030EA03 /* Photorama */ = {
			isa = PBXGroup;
			children = (
				AB6DE8671CB41DAE0030EA03 /* Controllers */,
				AB6DE8661CB41D9E0030EA03 /* Storyboards */,
				ABCD17821CB53DBB00F9CF76 /* Models */,
				AB6DE8651CB41D8D0030EA03 /* Resources */,
				AB6DE8531CB41D4B0030EA03 /* AppDelegate.swift */,
				AB6DE85F1CB41D4B0030EA03 /* Info.plist */,
			);
			path = Photorama;
			sourceTree = "<group>";
		};
		AB6DE8651CB41D8D0030EA03 /* Resources */ = {
			isa = PBXGroup;
			children = (
				AB6DE85A1CB41D4B0030EA03 /* Assets.xcassets */,
			);
			name = Resources;
			sourceTree = "<group>";
		};
		AB6DE8661CB41D9E0030EA03 /* Storyboards */ = {
			isa = PBXGroup;
			children = (
				AB6DE8571CB41D4B0030EA03 /* Main.storyboard */,
				AB6DE85C1CB41D4B0030EA03 /* LaunchScreen.storyboard */,
			);
			name = Storyboards;
			sourceTree = "<group>";
		};
		AB6DE8671CB41DAE0030EA03 /* Controllers */ = {
			isa = PBXGroup;
			children = (
				AB6DE8681CB41DCB0030EA03 /* PhotosViewController.swift */,
			);
			name = Controllers;
			sourceTree = "<group>";
		};
		ABCD17821CB53DBB00F9CF76 /* Models */ = {
			isa = PBXGroup;
			children = (
				ABCD17831CB53DF500F9CF76 /* FlickrAPI.swift */,
			);
			name = Models;
			sourceTree = "<group>";
		};
/* End PBXGroup section */

/* Begin PBXNativeTarget section */
		AB6DE84F1CB41D4B0030EA03 /* Photorama */ = {
			isa = PBXNativeTarget;
			buildConfigurationList = AB6DE8621CB41D4B0030EA03 /* Build configuration list for PBXNativeTarget "Photorama" */;
			buildPhases = (
				AB6DE84C1CB41D4B0030EA03 /* Sources */,
				AB6DE84D1CB41D4B0030EA03 /* Frameworks */,
				AB6DE84E1CB41D4B0030EA03 /* Resources */,
			);
			buildRules = (
			);
			dependencies = (
			);
			name = Photorama;
			productName = Photorama;
			productReference = AB6DE8501CB41D4B0030EA03 /* Photorama.app */;
			productType = "com.apple.product-type.application";
		};
/* End PBXNativeTarget section */

/* Begin PBXProject section */
		AB6DE8481CB41D4B0030EA03 /* Project object */ = {
			isa = PBXProject;
			attributes = {
				LastSwiftUpdateCheck = 0730;
				LastUpgradeCheck = 0730;
				ORGANIZATIONNAME = "Bromance Labs";
				TargetAttributes = {
					AB6DE84F1CB41D4B0030EA03 = {
						CreatedOnToolsVersion = 7.3;
					};
				};
			};
			buildConfigurationList = AB6DE84B1CB41D4B0030EA03 /* Build configuration list for PBXProject "Photorama" */;
			compatibilityVersion = "Xcode 3.2";
			developmentRegion = English;
			hasScannedForEncodings = 0;
			knownRegions = (
				en,
				Base,
			);
			mainGroup = AB6DE8471CB41D4B0030EA03;
			productRefGroup = AB6DE8511CB41D4B0030EA03 /* Products */;
			projectDirPath = "";
			projectRoot = "";
			targets = (
				AB6DE84F1CB41D4B0030EA03 /* Photorama */,
			);
		};
/* End PBXProject section */

/* Begin PBXResourcesBuildPhase section */
		AB6DE84E1CB41D4B0030EA03 /* Resources */ = {
			isa = PBXResourcesBuildPhase;
			buildActionMask = 2147483647;
			files = (
				AB6DE85E1CB41D4B0030EA03 /* LaunchScreen.storyboard in Resources */,
				AB6DE85B1CB41D4B0030EA03 /* Assets.xcassets in Resources */,
				AB6DE8591CB41D4B0030EA03 /* Main.storyboard in Resources */,
			);
			runOnlyForDeploymentPostprocessing = 0;
		};
/* End PBXResourcesBuildPhase section */

/* Begin PBXSourcesBuildPhase section */
		AB6DE84C1CB41D4B0030EA03 /* Sources */ = {
			isa = PBXSourcesBuildPhase;
			buildActionMask = 2147483647;
			files = (
				ABCD17841CB53DF500F9CF76 /* FlickrAPI.swift in Sources */,
				AB6DE8691CB41DCB0030EA03 /* PhotosViewController.swift in Sources */,
				AB6DE8541CB41D4B0030EA03 /* AppDelegate.swift in Sources */,
			);
			runOnlyForDeploymentPostprocessing = 0;
		};
/* End PBXSourcesBuildPhase section */

/* Begin PBXVariantGroup section */
		AB6DE8571CB41D4B0030EA03 /* Main.storyboard */ = {
			isa = PBXVariantGroup;
			children = (
				AB6DE8581CB41D4B0030EA03 /* Base */,
			);
			name = Main.storyboard;
			sourceTree = "<group>";
		};
		AB6DE85C1CB41D4B0030EA03 /* LaunchScreen.storyboard */ = {
			isa = PBXVariantGroup;
			children = (
				AB6DE85D1CB41D4B0030EA03 /* Base */,
			);
			name = LaunchScreen.storyboard;
			sourceTree = "<group>";
		};
/* End PBXVariantGroup section */

/* Begin XCBuildConfiguration section */
		AB6DE8601CB41D4B0030EA03 /* Debug */ = {
			isa = XCBuildConfiguration;
			buildSettings = {
				ALWAYS_SEARCH_USER_PATHS = NO;
				CLANG_ANALYZER_NONNULL = YES;
				CLANG_CXX_LANGUAGE_STANDARD = "gnu++0x";
				CLANG_CXX_LIBRARY = "libc++";
				CLANG_ENABLE_MODULES = YES;
				CLANG_ENABLE_OBJC_ARC = YES;
				CLANG_WARN_BOOL_CONVERSION = YES;
				CLANG_WARN_CONSTANT_CONVERSION = YES;
				CLANG_WARN_DIRECT_OBJC_ISA_USAGE = YES_ERROR;
				CLANG_WARN_EMPTY_BODY = YES;
				CLANG_WARN_ENUM_CONVERSION = YES;
				CLANG_WARN_INT_CONVERSION = YES;
				CLANG_WARN_OBJC_ROOT_CLASS = YES_ERROR;
				CLANG_WARN_UNREACHABLE_CODE = YES;
				CLANG_WARN__DUPLICATE_METHOD_MATCH = YES;
				"CODE_SIGN_IDENTITY[sdk=iphoneos*]" = "iPhone Developer";
				COPY_PHASE_STRIP = NO;
				DEBUG_INFORMATION_FORMAT = dwarf;
				ENABLE_STRICT_OBJC_MSGSEND = YES;
				ENABLE_TESTABILITY = YES;
				GCC_C_LANGUAGE_STANDARD = gnu99;
				GCC_DYNAMIC_NO_PIC = NO;
				GCC_NO_COMMON_BLOCKS = YES;
				GCC_OPTIMIZATION_LEVEL = 0;
				GCC_PREPROCESSOR_DEFINITIONS = (
					"DEBUG=1",
					"$(inherited)",
				);
				GCC_WARN_64_TO_32_BIT_CONVERSION = YES;
				GCC_WARN_ABOUT_RETURN_TYPE = YES_ERROR;
				GCC_WARN_UNDECLARED_SELECTOR = YES;
				GCC_WARN_UNINITIALIZED_AUTOS = YES_AGGRESSIVE;
				GCC_WARN_UNUSED_FUNCTION = YES;
				GCC_WARN_UNUSED_VARIABLE = YES;
				IPHONEOS_DEPLOYMENT_TARGET = 9.3;
				MTL_ENABLE_DEBUG_INFO = YES;
				ONLY_ACTIVE_ARCH = YES;
				SDKROOT = iphoneos;
				SWIFT_OPTIMIZATION_LEVEL = "-Onone";
				TARGETED_DEVICE_FAMILY = "1,2";
			};
			name = Debug;
		};
		AB6DE8611CB41D4B0030EA03 /* Release */ = {
			isa = XCBuildConfiguration;
			buildSettings = {
				ALWAYS_SEARCH_USER_PATHS = NO;
				CLANG_ANALYZER_NONNULL = YES;
				CLANG_CXX_LANGUAGE_STANDARD = "gnu++0x";
				CLANG_CXX_LIBRARY = "libc++";
				CLANG_ENABLE_MODULES = YES;
				CLANG_ENABLE_OBJC_ARC = YES;
				CLANG_WARN_BOOL_CONVERSION = YES;
				CLANG_WARN_CONSTANT_CONVERSION = YES;
				CLANG_WARN_DIRECT_OBJC_ISA_USAGE = YES_ERROR;
				CLANG_WARN_EMPTY_BODY = YES;
				CLANG_WARN_ENUM_CONVERSION = YES;
				CLANG_WARN_INT_CONVERSION = YES;
				CLANG_WARN_OBJC_ROOT_CLASS = YES_ERROR;
				CLANG_WARN_UNREACHABLE_CODE = YES;
				CLANG_WARN__DUPLICATE_METHOD_MATCH = YES;
				"CODE_SIGN_IDENTITY[sdk=iphoneos*]" = "iPhone Developer";
				COPY_PHASE_STRIP = NO;
				DEBUG_INFORMATION_FORMAT = "dwarf-with-dsym";
				ENABLE_NS_ASSERTIONS = NO;
				ENABLE_STRICT_OBJC_MSGSEND = YES;
				GCC_C_LANGUAGE_STANDARD = gnu99;
				GCC_NO_COMMON_BLOCKS = YES;
				GCC_WARN_64_TO_32_BIT_CONVERSION = YES;
				GCC_WARN_ABOUT_RETURN_TYPE = YES_ERROR;
				GCC_WARN_UNDECLARED_SELECTOR = YES;
				GCC_WARN_UNINITIALIZED_AUTOS = YES_AGGRESSIVE;
				GCC_WARN_UNUSED_FUNCTION = YES;
				GCC_WARN_UNUSED_VARIABLE = YES;
				IPHONEOS_DEPLOYMENT_TARGET = 9.3;
				MTL_ENABLE_DEBUG_INFO = NO;
				SDKROOT = iphoneos;
				TARGETED_DEVICE_FAMILY = "1,2";
				VALIDATE_PRODUCT = YES;
			};
			name = Release;
		};
		AB6DE8631CB41D4B0030EA03 /* Debug */ = {
			isa = XCBuildConfiguration;
			buildSettings = {
				ASSETCATALOG_COMPILER_APPICON_NAME = AppIcon;
				INFOPLIST_FILE = Photorama/Info.plist;
				LD_RUNPATH_SEARCH_PATHS = "$(inherited) @executable_path/Frameworks";
				PRODUCT_BUNDLE_IDENTIFIER = com.bromancelabs.Photorama;
				PRODUCT_NAME = "$(TARGET_NAME)";
			};
			name = Debug;
		};
		AB6DE8641CB41D4B0030EA03 /* Release */ = {
			isa = XCBuildConfiguration;
			buildSettings = {
				ASSETCATALOG_COMPILER_APPICON_NAME = AppIcon;
				INFOPLIST_FILE = Photorama/Info.plist;
				LD_RUNPATH_SEARCH_PATHS = "$(inherited) @executable_path/Frameworks";
				PRODUCT_BUNDLE_IDENTIFIER = com.bromancelabs.Photorama;
				PRODUCT_NAME = "$(TARGET_NAME)";
			};
			name = Release;
		};
/* End XCBuildConfiguration section */

/* Begin XCConfigurationList section */
		AB6DE84B1CB41D4B0030EA03 /* Build configuration list for PBXProject "Photorama" */ = {
			isa = XCConfigurationList;
			buildConfigurations = (
				AB6DE8601CB41D4B0030EA03 /* Debug */,
				AB6DE8611CB41D4B0030EA03 /* Release */,
			);
			defaultConfigurationIsVisible = 0;
			defaultConfigurationName = Release;
		};
		AB6DE8621CB41D4B0030EA03 /* Build configuration list for PBXNativeTarget "Photorama" */ = {
			isa = XCConfigurationList;
			buildConfigurations = (
				AB6DE8631CB41D4B0030EA03 /* Debug */,
				AB6DE8641CB41D4B0030EA03 /* Release */,
			);
			defaultConfigurationIsVisible = 0;
			defaultConfigurationName = Release;
		};
/* End XCConfigurationList section */
	};
	rootObject = AB6DE8481CB41D4B0030EA03 /* Project object */;
}
