// !$*UTF8*$!
{
	archiveVersion = 1;
	classes = {
	};
	objectVersion = 46;
	objects = {

/* Begin PBXBuildFile section */
		AB6919DE1C999405002DF934 /* AppDelegate.swift in Sources */ = {isa = PBXBuildFile; fileRef = AB6919DD1C999405002DF934 /* AppDelegate.swift */; };
		AB6919E31C999405002DF934 /* Main.storyboard in Resources */ = {isa = PBXBuildFile; fileRef = AB6919E11C999405002DF934 /* Main.storyboard */; };
		AB6919E51C999405002DF934 /* Assets.xcassets in Resources */ = {isa = PBXBuildFile; fileRef = AB6919E41C999405002DF934 /* Assets.xcassets */; };
		AB6919E81C999405002DF934 /* LaunchScreen.storyboard in Resources */ = {isa = PBXBuildFile; fileRef = AB6919E61C999405002DF934 /* LaunchScreen.storyboard */; };
		AB6919F01C99956C002DF934 /* ItemsViewController.swift in Sources */ = {isa = PBXBuildFile; fileRef = AB6919EF1C99956C002DF934 /* ItemsViewController.swift */; };
		AB6919F81C999772002DF934 /* Item.swift in Sources */ = {isa = PBXBuildFile; fileRef = AB6919F71C999772002DF934 /* Item.swift */; };
		AB6919FA1C999BB5002DF934 /* ItemStore.swift in Sources */ = {isa = PBXBuildFile; fileRef = AB6919F91C999BB5002DF934 /* ItemStore.swift */; };
/* End PBXBuildFile section */

/* Begin PBXFileReference section */
		AB6919DA1C999405002DF934 /* Homepwner.app */ = {isa = PBXFileReference; explicitFileType = wrapper.application; includeInIndex = 0; path = Homepwner.app; sourceTree = BUILT_PRODUCTS_DIR; };
		AB6919DD1C999405002DF934 /* AppDelegate.swift */ = {isa = PBXFileReference; lastKnownFileType = sourcecode.swift; path = AppDelegate.swift; sourceTree = "<group>"; };
		AB6919E21C999405002DF934 /* Base */ = {isa = PBXFileReference; lastKnownFileType = file.storyboard; name = Base; path = Base.lproj/Main.storyboard; sourceTree = "<group>"; };
		AB6919E41C999405002DF934 /* Assets.xcassets */ = {isa = PBXFileReference; lastKnownFileType = folder.assetcatalog; path = Assets.xcassets; sourceTree = "<group>"; };
		AB6919E71C999405002DF934 /* Base */ = {isa = PBXFileReference; lastKnownFileType = file.storyboard; name = Base; path = Base.lproj/LaunchScreen.storyboard; sourceTree = "<group>"; };
		AB6919E91C999405002DF934 /* Info.plist */ = {isa = PBXFileReference; lastKnownFileType = text.plist.xml; path = Info.plist; sourceTree = "<group>"; };
		AB6919EF1C99956C002DF934 /* ItemsViewController.swift */ = {isa = PBXFileReference; fileEncoding = 4; lastKnownFileType = sourcecode.swift; name = ItemsViewController.swift; path = ../ItemsViewController.swift; sourceTree = "<group>"; };
		AB6919F71C999772002DF934 /* Item.swift */ = {isa = PBXFileReference; fileEncoding = 4; lastKnownFileType = sourcecode.swift; path = Item.swift; sourceTree = "<group>"; };
		AB6919F91C999BB5002DF934 /* ItemStore.swift */ = {isa = PBXFileReference; fileEncoding = 4; lastKnownFileType = sourcecode.swift; path = ItemStore.swift; sourceTree = "<group>"; };
/* End PBXFileReference section */

/* Begin PBXFrameworksBuildPhase section */
		AB6919D71C999405002DF934 /* Frameworks */ = {
			isa = PBXFrameworksBuildPhase;
			buildActionMask = 2147483647;
			files = (
			);
			runOnlyForDeploymentPostprocessing = 0;
		};
/* End PBXFrameworksBuildPhase section */

/* Begin PBXGroup section */
		AB6919D11C999405002DF934 = {
			isa = PBXGroup;
			children = (
				AB6919DC1C999405002DF934 /* Homepwner */,
				AB6919DB1C999405002DF934 /* Products */,
			);
			sourceTree = "<group>";
		};
		AB6919DB1C999405002DF934 /* Products */ = {
			isa = PBXGroup;
			children = (
				AB6919DA1C999405002DF934 /* Homepwner.app */,
			);
			name = Products;
			sourceTree = "<group>";
		};
		AB6919DC1C999405002DF934 /* Homepwner */ = {
			isa = PBXGroup;
			children = (
				AB6919EF1C99956C002DF934 /* ItemsViewController.swift */,
				AB6919F71C999772002DF934 /* Item.swift */,
				AB6919F91C999BB5002DF934 /* ItemStore.swift */,
				AB6919DD1C999405002DF934 /* AppDelegate.swift */,
				AB6919E11C999405002DF934 /* Main.storyboard */,
				AB6919E41C999405002DF934 /* Assets.xcassets */,
				AB6919E61C999405002DF934 /* LaunchScreen.storyboard */,
				AB6919E91C999405002DF934 /* Info.plist */,
			);
			path = Homepwner;
			sourceTree = "<group>";
		};
/* End PBXGroup section */

/* Begin PBXNativeTarget section */
		AB6919D91C999405002DF934 /* Homepwner */ = {
			isa = PBXNativeTarget;
			buildConfigurationList = AB6919EC1C999405002DF934 /* Build configuration list for PBXNativeTarget "Homepwner" */;
			buildPhases = (
				AB6919D61C999405002DF934 /* Sources */,
				AB6919D71C999405002DF934 /* Frameworks */,
				AB6919D81C999405002DF934 /* Resources */,
			);
			buildRules = (
			);
			dependencies = (
			);
			name = Homepwner;
			productName = Homepwner;
			productReference = AB6919DA1C999405002DF934 /* Homepwner.app */;
			productType = "com.apple.product-type.application";
		};
/* End PBXNativeTarget section */

/* Begin PBXProject section */
		AB6919D21C999405002DF934 /* Project object */ = {
			isa = PBXProject;
			attributes = {
				LastSwiftUpdateCheck = 0720;
				LastUpgradeCheck = 0720;
				ORGANIZATIONNAME = "Bromance Labs";
				TargetAttributes = {
					AB6919D91C999405002DF934 = {
						CreatedOnToolsVersion = 7.2.1;
					};
				};
			};
			buildConfigurationList = AB6919D51C999405002DF934 /* Build configuration list for PBXProject "Homepwner" */;
			compatibilityVersion = "Xcode 3.2";
			developmentRegion = English;
			hasScannedForEncodings = 0;
			knownRegions = (
				en,
				Base,
			);
			mainGroup = AB6919D11C999405002DF934;
			productRefGroup = AB6919DB1C999405002DF934 /* Products */;
			projectDirPath = "";
			projectRoot = "";
			targets = (
				AB6919D91C999405002DF934 /* Homepwner */,
			);
		};
/* End PBXProject section */

/* Begin PBXResourcesBuildPhase section */
		AB6919D81C999405002DF934 /* Resources */ = {
			isa = PBXResourcesBuildPhase;
			buildActionMask = 2147483647;
			files = (
				AB6919E81C999405002DF934 /* LaunchScreen.storyboard in Resources */,
				AB6919E51C999405002DF934 /* Assets.xcassets in Resources */,
				AB6919E31C999405002DF934 /* Main.storyboard in Resources */,
			);
			runOnlyForDeploymentPostprocessing = 0;
		};
/* End PBXResourcesBuildPhase section */

/* Begin PBXSourcesBuildPhase section */
		AB6919D61C999405002DF934 /* Sources */ = {
			isa = PBXSourcesBuildPhase;
			buildActionMask = 2147483647;
			files = (
				AB6919F01C99956C002DF934 /* ItemsViewController.swift in Sources */,
				AB6919F81C999772002DF934 /* Item.swift in Sources */,
				AB6919FA1C999BB5002DF934 /* ItemStore.swift in Sources */,
				AB6919DE1C999405002DF934 /* AppDelegate.swift in Sources */,
			);
			runOnlyForDeploymentPostprocessing = 0;
		};
/* End PBXSourcesBuildPhase section */

/* Begin PBXVariantGroup section */
		AB6919E11C999405002DF934 /* Main.storyboard */ = {
			isa = PBXVariantGroup;
			children = (
				AB6919E21C999405002DF934 /* Base */,
			);
			name = Main.storyboard;
			sourceTree = "<group>";
		};
		AB6919E61C999405002DF934 /* LaunchScreen.storyboard */ = {
			isa = PBXVariantGroup;
			children = (
				AB6919E71C999405002DF934 /* Base */,
			);
			name = LaunchScreen.storyboard;
			sourceTree = "<group>";
		};
/* End PBXVariantGroup section */

/* Begin XCBuildConfiguration section */
		AB6919EA1C999405002DF934 /* Debug */ = {
			isa = XCBuildConfiguration;
			buildSettings = {
				ALWAYS_SEARCH_USER_PATHS = NO;
				CLANG_CXX_LANGUAGE_STANDARD = "gnu++0x";
				CLANG_CXX_LIBRARY = "libc++";
				CLANG_ENABLE_MODULES = YES;
				CLANG_ENABLE_OBJC_ARC = YES;
				CLANG_WARN_BOOL_CONVERSION = YES;
				CLANG_WARN_CONSTANT_CONVERSION = YES;
				CLANG_WARN_DIRECT_OBJC_ISA_USAGE = YES_ERROR;
				CLANG_WARN_EMPTY_BODY = YES;
				CLANG_WARN_ENUM_CONVERSION = YES;
				CLANG_WARN_INT_CONVERSION = YES;
				CLANG_WARN_OBJC_ROOT_CLASS = YES_ERROR;
				CLANG_WARN_UNREACHABLE_CODE = YES;
				CLANG_WARN__DUPLICATE_METHOD_MATCH = YES;
				"CODE_SIGN_IDENTITY[sdk=iphoneos*]" = "iPhone Developer";
				COPY_PHASE_STRIP = NO;
				DEBUG_INFORMATION_FORMAT = dwarf;
				ENABLE_STRICT_OBJC_MSGSEND = YES;
				ENABLE_TESTABILITY = YES;
				GCC_C_LANGUAGE_STANDARD = gnu99;
				GCC_DYNAMIC_NO_PIC = NO;
				GCC_NO_COMMON_BLOCKS = YES;
				GCC_OPTIMIZATION_LEVEL = 0;
				GCC_PREPROCESSOR_DEFINITIONS = (
					"DEBUG=1",
					"$(inherited)",
				);
				GCC_WARN_64_TO_32_BIT_CONVERSION = YES;
				GCC_WARN_ABOUT_RETURN_TYPE = YES_ERROR;
				GCC_WARN_UNDECLARED_SELECTOR = YES;
				GCC_WARN_UNINITIALIZED_AUTOS = YES_AGGRESSIVE;
				GCC_WARN_UNUSED_FUNCTION = YES;
				GCC_WARN_UNUSED_VARIABLE = YES;
				IPHONEOS_DEPLOYMENT_TARGET = 9.2;
				MTL_ENABLE_DEBUG_INFO = YES;
				ONLY_ACTIVE_ARCH = YES;
				SDKROOT = iphoneos;
				SWIFT_OPTIMIZATION_LEVEL = "-Onone";
			};
			name = Debug;
		};
		AB6919EB1C999405002DF934 /* Release */ = {
			isa = XCBuildConfiguration;
			buildSettings = {
				ALWAYS_SEARCH_USER_PATHS = NO;
				CLANG_CXX_LANGUAGE_STANDARD = "gnu++0x";
				CLANG_CXX_LIBRARY = "libc++";
				CLANG_ENABLE_MODULES = YES;
				CLANG_ENABLE_OBJC_ARC = YES;
				CLANG_WARN_BOOL_CONVERSION = YES;
				CLANG_WARN_CONSTANT_CONVERSION = YES;
				CLANG_WARN_DIRECT_OBJC_ISA_USAGE = YES_ERROR;
				CLANG_WARN_EMPTY_BODY = YES;
				CLANG_WARN_ENUM_CONVERSION = YES;
				CLANG_WARN_INT_CONVERSION = YES;
				CLANG_WARN_OBJC_ROOT_CLASS = YES_ERROR;
				CLANG_WARN_UNREACHABLE_CODE = YES;
				CLANG_WARN__DUPLICATE_METHOD_MATCH = YES;
				"CODE_SIGN_IDENTITY[sdk=iphoneos*]" = "iPhone Developer";
				COPY_PHASE_STRIP = NO;
				DEBUG_INFORMATION_FORMAT = "dwarf-with-dsym";
				ENABLE_NS_ASSERTIONS = NO;
				ENABLE_STRICT_OBJC_MSGSEND = YES;
				GCC_C_LANGUAGE_STANDARD = gnu99;
				GCC_NO_COMMON_BLOCKS = YES;
				GCC_WARN_64_TO_32_BIT_CONVERSION = YES;
				GCC_WARN_ABOUT_RETURN_TYPE = YES_ERROR;
				GCC_WARN_UNDECLARED_SELECTOR = YES;
				GCC_WARN_UNINITIALIZED_AUTOS = YES_AGGRESSIVE;
				GCC_WARN_UNUSED_FUNCTION = YES;
				GCC_WARN_UNUSED_VARIABLE = YES;
				IPHONEOS_DEPLOYMENT_TARGET = 9.2;
				MTL_ENABLE_DEBUG_INFO = NO;
				SDKROOT = iphoneos;
				VALIDATE_PRODUCT = YES;
			};
			name = Release;
		};
		AB6919ED1C999405002DF934 /* Debug */ = {
			isa = XCBuildConfiguration;
			buildSettings = {
				ASSETCATALOG_COMPILER_APPICON_NAME = AppIcon;
				INFOPLIST_FILE = Homepwner/Info.plist;
				LD_RUNPATH_SEARCH_PATHS = "$(inherited) @executable_path/Frameworks";
				PRODUCT_BUNDLE_IDENTIFIER = com.bromancelabs.Homepwner;
				PRODUCT_NAME = "$(TARGET_NAME)";
			};
			name = Debug;
		};
		AB6919EE1C999405002DF934 /* Release */ = {
			isa = XCBuildConfiguration;
			buildSettings = {
				ASSETCATALOG_COMPILER_APPICON_NAME = AppIcon;
				INFOPLIST_FILE = Homepwner/Info.plist;
				LD_RUNPATH_SEARCH_PATHS = "$(inherited) @executable_path/Frameworks";
				PRODUCT_BUNDLE_IDENTIFIER = com.bromancelabs.Homepwner;
				PRODUCT_NAME = "$(TARGET_NAME)";
			};
			name = Release;
		};
/* End XCBuildConfiguration section */

/* Begin XCConfigurationList section */
		AB6919D51C999405002DF934 /* Build configuration list for PBXProject "Homepwner" */ = {
			isa = XCConfigurationList;
			buildConfigurations = (
				AB6919EA1C999405002DF934 /* Debug */,
				AB6919EB1C999405002DF934 /* Release */,
			);
			defaultConfigurationIsVisible = 0;
			defaultConfigurationName = Release;
		};
		AB6919EC1C999405002DF934 /* Build configuration list for PBXNativeTarget "Homepwner" */ = {
			isa = XCConfigurationList;
			buildConfigurations = (
				AB6919ED1C999405002DF934 /* Debug */,
				AB6919EE1C999405002DF934 /* Release */,
			);
			defaultConfigurationIsVisible = 0;
		};
/* End XCConfigurationList section */
	};
	rootObject = AB6919D21C999405002DF934 /* Project object */;
}
